
Microsoft Visual Studio Solution File, Format Version 12.00
# Visual Studio Version 17
VisualStudioVersion = 17.0.31903.59
MinimumVisualStudioVersion = 10.0.40219.1
Project("{9A19103F-16F7-4668-BE54-9A1E7A4F7556}") = "LoyalityProgram", "LoyalityProgram\LoyalityProgram.csproj", "{2FEE6BDC-FB80-42C5-A0D1-E96D3021DA23}"
EndProject
Project("{2150E333-8FDC-42A3-9474-1A3956D46DE8}") = "requests", "requests", "{45D6B602-D5AB-42F2-BE7F-523210887D6C}"
EndProject
Project("{9A19103F-16F7-4668-BE54-9A1E7A4F7556}") = "ApiGatewayMock", "C:\Users\George\Desktop\Chapter05\ApiGatewayMock\ApiGatewayMock.csproj", "{B54CDCA3-4CA3-46A3-AD7C-571FDAF4D248}"
EndProject
Project("{FAE04EC0-301F-11D3-BF4B-00C04F79EFBC}") = "SpecialOffers", "SpecialOffers\SpecialOffers.csproj", "{934B2C3C-C20D-45BE-8B12-25D360A6A47B}"
EndProject
Global
	GlobalSection(SolutionConfigurationPlatforms) = preSolution
		Debug|Any CPU = Debug|Any CPU
		Release|Any CPU = Release|Any CPU
	EndGlobalSection
	GlobalSection(ProjectConfigurationPlatforms) = postSolution
		{2FEE6BDC-FB80-42C5-A0D1-E96D3021DA23}.Debug|Any CPU.ActiveCfg = Debug|Any CPU
		{2FEE6BDC-FB80-42C5-A0D1-E96D3021DA23}.Debug|Any CPU.Build.0 = Debug|Any CPU
		{2FEE6BDC-FB80-42C5-A0D1-E96D3021DA23}.Release|Any CPU.ActiveCfg = Release|Any CPU
		{2FEE6BDC-FB80-42C5-A0D1-E96D3021DA23}.Release|Any CPU.Build.0 = Release|Any CPU
		{B54CDCA3-4CA3-46A3-AD7C-571FDAF4D248}.Debug|Any CPU.ActiveCfg = Debug|Any CPU
		{B54CDCA3-4CA3-46A3-AD7C-571FDAF4D248}.Debug|Any CPU.Build.0 = Debug|Any CPU
		{B54CDCA3-4CA3-46A3-AD7C-571FDAF4D248}.Release|Any CPU.ActiveCfg = Release|Any CPU
		{B54CDCA3-4CA3-46A3-AD7C-571FDAF4D248}.Release|Any CPU.Build.0 = Release|Any CPU
		{934B2C3C-C20D-45BE-8B12-25D360A6A47B}.Debug|Any CPU.ActiveCfg = Debug|Any CPU
		{934B2C3C-C20D-45BE-8B12-25D360A6A47B}.Debug|Any CPU.Build.0 = Debug|Any CPU
		{934B2C3C-C20D-45BE-8B12-25D360A6A47B}.Release|Any CPU.ActiveCfg = Release|Any CPU
		{934B2C3C-C20D-45BE-8B12-25D360A6A47B}.Release|Any CPU.Build.0 = Release|Any CPU
	EndGlobalSection
	GlobalSection(SolutionProperties) = preSolution
		HideSolutionNode = FALSE
	EndGlobalSection
	GlobalSection(ExtensibilityGlobals) = postSolution
		SolutionGuid = {25A1E003-D93E-4C06-B4B7-5F2150C7B615}
	EndGlobalSection
EndGlobal
